
Microsoft Visual Studio Solution File, Format Version 12.00
# Visual Studio Version 16
VisualStudioVersion = 16.0.30907.101
MinimumVisualStudioVersion = 10.0.40219.1
Project("{FAE04EC0-301F-11D3-BF4B-00C04F79EFBC}") = "CoinSpotUpdater", "CoinSpotUpdater\CoinSpotUpdater.csproj", "{FFCA23EB-06B8-40C6-B3DC-BC1C423DC762}"
EndProject
Project("{2150E333-8FDC-42A3-9474-1A3956D46DE8}") = "Solution Items", "Solution Items", "{8A98C474-2B75-45CC-9AE9-589462E595B3}"
	ProjectSection(SolutionItems) = preProject
		Readme.md = Readme.md
	EndProjectSection
EndProject
Project("{FAE04EC0-301F-11D3-BF4B-00C04F79EFBC}") = "CoinSpotApi", "CoinSpotApi\CoinSpotApi.csproj", "{FD63B6D7-2334-4CBF-93E4-3C148523D68F}"
EndProject
Project("{FAE04EC0-301F-11D3-BF4B-00C04F79EFBC}") = "GoogleSheetsApi", "GoogleSheetsApi\GoogleSheetsApi.csproj", "{8B9B925D-99CF-4F72-81F0-DD79128A3E8D}"
EndProject
Project("{FAE04EC0-301F-11D3-BF4B-00C04F79EFBC}") = "UnitTests", "UnitTests\UnitTests.csproj", "{88674A57-41D7-47F6-B5A2-4A2EE892E0A6}"
EndProject
Global
	GlobalSection(SolutionConfigurationPlatforms) = preSolution
		Debug|Any CPU = Debug|Any CPU
		Release|Any CPU = Release|Any CPU
	EndGlobalSection
	GlobalSection(ProjectConfigurationPlatforms) = postSolution
		{FFCA23EB-06B8-40C6-B3DC-BC1C423DC762}.Debug|Any CPU.ActiveCfg = Debug|Any CPU
		{FFCA23EB-06B8-40C6-B3DC-BC1C423DC762}.Debug|Any CPU.Build.0 = Debug|Any CPU
		{FFCA23EB-06B8-40C6-B3DC-BC1C423DC762}.Release|Any CPU.ActiveCfg = Release|Any CPU
		{FFCA23EB-06B8-40C6-B3DC-BC1C423DC762}.Release|Any CPU.Build.0 = Release|Any CPU
		{FD63B6D7-2334-4CBF-93E4-3C148523D68F}.Debug|Any CPU.ActiveCfg = Debug|Any CPU
		{FD63B6D7-2334-4CBF-93E4-3C148523D68F}.Debug|Any CPU.Build.0 = Debug|Any CPU
		{FD63B6D7-2334-4CBF-93E4-3C148523D68F}.Release|Any CPU.ActiveCfg = Release|Any CPU
		{FD63B6D7-2334-4CBF-93E4-3C148523D68F}.Release|Any CPU.Build.0 = Release|Any CPU
		{8B9B925D-99CF-4F72-81F0-DD79128A3E8D}.Debug|Any CPU.ActiveCfg = Debug|Any CPU
		{8B9B925D-99CF-4F72-81F0-DD79128A3E8D}.Debug|Any CPU.Build.0 = Debug|Any CPU
		{8B9B925D-99CF-4F72-81F0-DD79128A3E8D}.Release|Any CPU.ActiveCfg = Release|Any CPU
		{8B9B925D-99CF-4F72-81F0-DD79128A3E8D}.Release|Any CPU.Build.0 = Release|Any CPU
		{88674A57-41D7-47F6-B5A2-4A2EE892E0A6}.Debug|Any CPU.ActiveCfg = Debug|Any CPU
		{88674A57-41D7-47F6-B5A2-4A2EE892E0A6}.Debug|Any CPU.Build.0 = Debug|Any CPU
		{88674A57-41D7-47F6-B5A2-4A2EE892E0A6}.Release|Any CPU.ActiveCfg = Release|Any CPU
		{88674A57-41D7-47F6-B5A2-4A2EE892E0A6}.Release|Any CPU.Build.0 = Release|Any CPU
	EndGlobalSection
	GlobalSection(SolutionProperties) = preSolution
		HideSolutionNode = FALSE
	EndGlobalSection
	GlobalSection(ExtensibilityGlobals) = postSolution
		SolutionGuid = {E76EB059-F037-4BDA-9F34-EB262A3E3A3B}
	EndGlobalSection
EndGlobal
